
Microsoft Visual Studio Solution File, Format Version 12.00
# Visual Studio Version 16
VisualStudioVersion = 16.0.31019.35
MinimumVisualStudioVersion = 10.0.40219.1
Project("{8BC9CEB8-8B4A-11D0-8D11-00A0C91BC942}") = "Group 41", "Group 41.vcxproj", "{DAB9B875-9A90-48AC-8B66-61333E8AEF89}"
EndProject
Global
	GlobalSection(SolutionConfigurationPlatforms) = preSolution
		Debug|x64 = Debug|x64
		Debug|x86 = Debug|x86
		Release|x64 = Release|x64
		Release|x86 = Release|x86
	EndGlobalSection
	GlobalSection(ProjectConfigurationPlatforms) = postSolution
		{DAB9B875-9A90-48AC-8B66-61333E8AEF89}.Debug|x64.ActiveCfg = Debug|x64
		{DAB9B875-9A90-48AC-8B66-61333E8AEF89}.Debug|x64.Build.0 = Debug|x64
		{DAB9B875-9A90-48AC-8B66-61333E8AEF89}.Debug|x86.ActiveCfg = Debug|Win32
		{DAB9B875-9A90-48AC-8B66-61333E8AEF89}.Debug|x86.Build.0 = Debug|Win32
		{DAB9B875-9A90-48AC-8B66-61333E8AEF89}.Release|x64.ActiveCfg = Release|x64
		{DAB9B875-9A90-48AC-8B66-61333E8AEF89}.Release|x64.Build.0 = Release|x64
		{DAB9B875-9A90-48AC-8B66-61333E8AEF89}.Release|x86.ActiveCfg = Release|Win32
		{DAB9B875-9A90-48AC-8B66-61333E8AEF89}.Release|x86.Build.0 = Release|Win32
	EndGlobalSection
	GlobalSection(SolutionProperties) = preSolution
		HideSolutionNode = FALSE
	EndGlobalSection
	GlobalSection(ExtensibilityGlobals) = postSolution
		SolutionGuid = {C904A8B3-163A-4A03-9AAD-6C6A63AD211D}
	EndGlobalSection
EndGlobal
